
Microsoft Visual Studio Solution File, Format Version 12.00
# Visual Studio Version 17
VisualStudioVersion = 17.8.34525.116
MinimumVisualStudioVersion = 10.0.40219.1
Project("{9A19103F-16F7-4668-BE54-9A1E7A4F7556}") = "SSHammerhead", "SSHammerhead\SSHammerhead.csproj", "{B32E6963-EB25-4428-A583-379EECCCA2D4}"
EndProject
Project("{9A19103F-16F7-4668-BE54-9A1E7A4F7556}") = "SSHammerhead.Console", "SSHammerhead.Console\SSHammerhead.Console.csproj", "{7DC0AA99-9305-441E-8252-98A44DBB21B1}"
EndProject
Project("{9A19103F-16F7-4668-BE54-9A1E7A4F7556}") = "SSHammerhead.Blazor", "SSHammerhead.Blazor\SSHammerhead.Blazor.csproj", "{D8D00E3E-CA87-4AE3-95BE-3DA92851F92E}"
EndProject
Project("{FAE04EC0-301F-11D3-BF4B-00C04F79EFBC}") = "SSHammerhead.WPF", "SSHammerhead.WPF\SSHammerhead.WPF.csproj", "{32635145-F23C-4A3E-8C93-C4D745D75A44}"
EndProject
Global
	GlobalSection(SolutionConfigurationPlatforms) = preSolution
		Debug|Any CPU = Debug|Any CPU
		Release|Any CPU = Release|Any CPU
	EndGlobalSection
	GlobalSection(ProjectConfigurationPlatforms) = postSolution
		{B32E6963-EB25-4428-A583-379EECCCA2D4}.Debug|Any CPU.ActiveCfg = Debug|Any CPU
		{B32E6963-EB25-4428-A583-379EECCCA2D4}.Debug|Any CPU.Build.0 = Debug|Any CPU
		{B32E6963-EB25-4428-A583-379EECCCA2D4}.Release|Any CPU.ActiveCfg = Release|Any CPU
		{B32E6963-EB25-4428-A583-379EECCCA2D4}.Release|Any CPU.Build.0 = Release|Any CPU
		{7DC0AA99-9305-441E-8252-98A44DBB21B1}.Debug|Any CPU.ActiveCfg = Debug|Any CPU
		{7DC0AA99-9305-441E-8252-98A44DBB21B1}.Debug|Any CPU.Build.0 = Debug|Any CPU
		{7DC0AA99-9305-441E-8252-98A44DBB21B1}.Release|Any CPU.ActiveCfg = Release|Any CPU
		{7DC0AA99-9305-441E-8252-98A44DBB21B1}.Release|Any CPU.Build.0 = Release|Any CPU
		{D8D00E3E-CA87-4AE3-95BE-3DA92851F92E}.Debug|Any CPU.ActiveCfg = Debug|Any CPU
		{D8D00E3E-CA87-4AE3-95BE-3DA92851F92E}.Debug|Any CPU.Build.0 = Debug|Any CPU
		{D8D00E3E-CA87-4AE3-95BE-3DA92851F92E}.Release|Any CPU.ActiveCfg = Release|Any CPU
		{D8D00E3E-CA87-4AE3-95BE-3DA92851F92E}.Release|Any CPU.Build.0 = Release|Any CPU
		{32635145-F23C-4A3E-8C93-C4D745D75A44}.Debug|Any CPU.ActiveCfg = Debug|Any CPU
		{32635145-F23C-4A3E-8C93-C4D745D75A44}.Debug|Any CPU.Build.0 = Debug|Any CPU
		{32635145-F23C-4A3E-8C93-C4D745D75A44}.Release|Any CPU.ActiveCfg = Release|Any CPU
		{32635145-F23C-4A3E-8C93-C4D745D75A44}.Release|Any CPU.Build.0 = Release|Any CPU
	EndGlobalSection
	GlobalSection(SolutionProperties) = preSolution
		HideSolutionNode = FALSE
	EndGlobalSection
	GlobalSection(ExtensibilityGlobals) = postSolution
		SolutionGuid = {D84B1669-76E9-43C2-9616-B015B3E58124}
	EndGlobalSection
EndGlobal
